
Microsoft Visual Studio Solution File, Format Version 12.00
# Visual Studio Version 16
VisualStudioVersion = 16.0.29102.190
MinimumVisualStudioVersion = 10.0.40219.1
Project("{FAE04EC0-301F-11D3-BF4B-00C04F79EFBC}") = "WinForms.Library", "WinForms.Library\WinForms.Library.csproj", "{6C29EBB9-16D8-42FC-A5E4-55C4CF6AD428}"
EndProject
Project("{FAE04EC0-301F-11D3-BF4B-00C04F79EFBC}") = "WinForms.SampleApp", "WinForms.SampleApp\WinForms.SampleApp.csproj", "{D9C228BD-2AD9-48DE-9F84-9522EA9FDD50}"
EndProject
Project("{FAE04EC0-301F-11D3-BF4B-00C04F79EFBC}") = "Testing", "Testing\Testing.csproj", "{6F930C3F-94BF-416A-B19F-EB5B49F987A6}"
EndProject
Project("{FAE04EC0-301F-11D3-BF4B-00C04F79EFBC}") = "FileSystem", "FileSystem\FileSystem.csproj", "{259C4416-4105-481A-9FD2-553A39B38332}"
EndProject
Global
	GlobalSection(SolutionConfigurationPlatforms) = preSolution
		Debug|Any CPU = Debug|Any CPU
		Release|Any CPU = Release|Any CPU
	EndGlobalSection
	GlobalSection(ProjectConfigurationPlatforms) = postSolution
		{6C29EBB9-16D8-42FC-A5E4-55C4CF6AD428}.Debug|Any CPU.ActiveCfg = Debug|Any CPU
		{6C29EBB9-16D8-42FC-A5E4-55C4CF6AD428}.Debug|Any CPU.Build.0 = Debug|Any CPU
		{6C29EBB9-16D8-42FC-A5E4-55C4CF6AD428}.Release|Any CPU.ActiveCfg = Release|Any CPU
		{6C29EBB9-16D8-42FC-A5E4-55C4CF6AD428}.Release|Any CPU.Build.0 = Release|Any CPU
		{D9C228BD-2AD9-48DE-9F84-9522EA9FDD50}.Debug|Any CPU.ActiveCfg = Debug|Any CPU
		{D9C228BD-2AD9-48DE-9F84-9522EA9FDD50}.Debug|Any CPU.Build.0 = Debug|Any CPU
		{D9C228BD-2AD9-48DE-9F84-9522EA9FDD50}.Release|Any CPU.ActiveCfg = Release|Any CPU
		{D9C228BD-2AD9-48DE-9F84-9522EA9FDD50}.Release|Any CPU.Build.0 = Release|Any CPU
		{6F930C3F-94BF-416A-B19F-EB5B49F987A6}.Debug|Any CPU.ActiveCfg = Debug|Any CPU
		{6F930C3F-94BF-416A-B19F-EB5B49F987A6}.Debug|Any CPU.Build.0 = Debug|Any CPU
		{6F930C3F-94BF-416A-B19F-EB5B49F987A6}.Release|Any CPU.ActiveCfg = Release|Any CPU
		{6F930C3F-94BF-416A-B19F-EB5B49F987A6}.Release|Any CPU.Build.0 = Release|Any CPU
		{259C4416-4105-481A-9FD2-553A39B38332}.Debug|Any CPU.ActiveCfg = Debug|Any CPU
		{259C4416-4105-481A-9FD2-553A39B38332}.Debug|Any CPU.Build.0 = Debug|Any CPU
		{259C4416-4105-481A-9FD2-553A39B38332}.Release|Any CPU.ActiveCfg = Release|Any CPU
		{259C4416-4105-481A-9FD2-553A39B38332}.Release|Any CPU.Build.0 = Release|Any CPU
	EndGlobalSection
	GlobalSection(SolutionProperties) = preSolution
		HideSolutionNode = FALSE
	EndGlobalSection
	GlobalSection(ExtensibilityGlobals) = postSolution
		SolutionGuid = {753137A5-B42B-4993-9EF9-4369BFF8FDA4}
	EndGlobalSection
EndGlobal
